
Microsoft Visual Studio Solution File, Format Version 12.00
# Visual Studio 15
VisualStudioVersion = 15.0.27130.2020
MinimumVisualStudioVersion = 10.0.40219.1
Project("{FAE04EC0-301F-11D3-BF4B-00C04F79EFBC}") = "M101DotNet.WebApp", "src\M101DotNet.WebApp\M101DotNet.WebApp.csproj", "{A8E26502-B5AB-4176-9823-105B0E1BD0C4}"
EndProject
Project("{FAE04EC0-301F-11D3-BF4B-00C04F79EFBC}") = "M101DotNet", "M101DotNet\M101DotNet.csproj", "{FBF687F8-15EA-4CFB-A0E5-85B590E94109}"
EndProject
Global
	GlobalSection(SolutionConfigurationPlatforms) = preSolution
		Debug|Any CPU = Debug|Any CPU
		Release|Any CPU = Release|Any CPU
	EndGlobalSection
	GlobalSection(ProjectConfigurationPlatforms) = postSolution
		{A8E26502-B5AB-4176-9823-105B0E1BD0C4}.Debug|Any CPU.ActiveCfg = Debug|Any CPU
		{A8E26502-B5AB-4176-9823-105B0E1BD0C4}.Debug|Any CPU.Build.0 = Debug|Any CPU
		{A8E26502-B5AB-4176-9823-105B0E1BD0C4}.Release|Any CPU.ActiveCfg = Release|Any CPU
		{A8E26502-B5AB-4176-9823-105B0E1BD0C4}.Release|Any CPU.Build.0 = Release|Any CPU
		{FBF687F8-15EA-4CFB-A0E5-85B590E94109}.Debug|Any CPU.ActiveCfg = Debug|Any CPU
		{FBF687F8-15EA-4CFB-A0E5-85B590E94109}.Debug|Any CPU.Build.0 = Debug|Any CPU
		{FBF687F8-15EA-4CFB-A0E5-85B590E94109}.Release|Any CPU.ActiveCfg = Release|Any CPU
		{FBF687F8-15EA-4CFB-A0E5-85B590E94109}.Release|Any CPU.Build.0 = Release|Any CPU
	EndGlobalSection
	GlobalSection(SolutionProperties) = preSolution
		HideSolutionNode = FALSE
	EndGlobalSection
	GlobalSection(ExtensibilityGlobals) = postSolution
		SolutionGuid = {6FB0E61D-6466-4725-B12A-F72731C6A7D2}
	EndGlobalSection
EndGlobal
